// !$*UTF8*$!
{
	archiveVersion = 1;
	classes = {
	};
	objectVersion = 56;
	objects = {

/* Begin PBXBuildFile section */
		B276826C2A3E4F1500DD1806 /* InfoPanelView.swift in Sources */ = {isa = PBXBuildFile; fileRef = B276826B2A3E4F1500DD1806 /* InfoPanelView.swift */; };
		B276826E2A3E56F600DD1806 /* ControlImageView.swift in Sources */ = {isa = PBXBuildFile; fileRef = B276826D2A3E56F600DD1806 /* ControlImageView.swift */; };
		B27682702A3E609B00DD1806 /* PageModel.swift in Sources */ = {isa = PBXBuildFile; fileRef = B276826F2A3E609B00DD1806 /* PageModel.swift */; };
		B27682722A3E610700DD1806 /* PageData.swift in Sources */ = {isa = PBXBuildFile; fileRef = B27682712A3E610700DD1806 /* PageData.swift */; };
		B2DFE5D429A69D2100C7F027 /* PinchAppApp.swift in Sources */ = {isa = PBXBuildFile; fileRef = B2DFE5D329A69D2100C7F027 /* PinchAppApp.swift */; };
		B2DFE5D629A69D2100C7F027 /* ContentView.swift in Sources */ = {isa = PBXBuildFile; fileRef = B2DFE5D529A69D2100C7F027 /* ContentView.swift */; };
		B2DFE5D829A69D2300C7F027 /* Assets.xcassets in Resources */ = {isa = PBXBuildFile; fileRef = B2DFE5D729A69D2300C7F027 /* Assets.xcassets */; };
		B2DFE5DB29A69D2300C7F027 /* Preview Assets.xcassets in Resources */ = {isa = PBXBuildFile; fileRef = B2DFE5DA29A69D2300C7F027 /* Preview Assets.xcassets */; };
/* End PBXBuildFile section */

/* Begin PBXFileReference section */
		B276826B2A3E4F1500DD1806 /* InfoPanelView.swift */ = {isa = PBXFileReference; lastKnownFileType = sourcecode.swift; path = InfoPanelView.swift; sourceTree = "<group>"; };
		B276826D2A3E56F600DD1806 /* ControlImageView.swift */ = {isa = PBXFileReference; lastKnownFileType = sourcecode.swift; path = ControlImageView.swift; sourceTree = "<group>"; };
		B276826F2A3E609B00DD1806 /* PageModel.swift */ = {isa = PBXFileReference; lastKnownFileType = sourcecode.swift; path = PageModel.swift; sourceTree = "<group>"; };
		B27682712A3E610700DD1806 /* PageData.swift */ = {isa = PBXFileReference; lastKnownFileType = sourcecode.swift; path = PageData.swift; sourceTree = "<group>"; };
		B2DFE5D029A69D2100C7F027 /* PinchApp.app */ = {isa = PBXFileReference; explicitFileType = wrapper.application; includeInIndex = 0; path = PinchApp.app; sourceTree = BUILT_PRODUCTS_DIR; };
		B2DFE5D329A69D2100C7F027 /* PinchAppApp.swift */ = {isa = PBXFileReference; lastKnownFileType = sourcecode.swift; path = PinchAppApp.swift; sourceTree = "<group>"; };
		B2DFE5D529A69D2100C7F027 /* ContentView.swift */ = {isa = PBXFileReference; lastKnownFileType = sourcecode.swift; path = ContentView.swift; sourceTree = "<group>"; };
		B2DFE5D729A69D2300C7F027 /* Assets.xcassets */ = {isa = PBXFileReference; lastKnownFileType = folder.assetcatalog; path = Assets.xcassets; sourceTree = "<group>"; };
		B2DFE5DA29A69D2300C7F027 /* Preview Assets.xcassets */ = {isa = PBXFileReference; lastKnownFileType = folder.assetcatalog; path = "Preview Assets.xcassets"; sourceTree = "<group>"; };
/* End PBXFileReference section */

/* Begin PBXFrameworksBuildPhase section */
		B2DFE5CD29A69D2100C7F027 /* Frameworks */ = {
			isa = PBXFrameworksBuildPhase;
			buildActionMask = 2147483647;
			files = (
			);
			runOnlyForDeploymentPostprocessing = 0;
		};
/* End PBXFrameworksBuildPhase section */

/* Begin PBXGroup section */
		B2DFE5C729A69D2100C7F027 = {
			isa = PBXGroup;
			children = (
				B2DFE5D229A69D2100C7F027 /* PinchApp */,
				B2DFE5D129A69D2100C7F027 /* Products */,
			);
			sourceTree = "<group>";
		};
		B2DFE5D129A69D2100C7F027 /* Products */ = {
			isa = PBXGroup;
			children = (
				B2DFE5D029A69D2100C7F027 /* PinchApp.app */,
			);
			name = Products;
			sourceTree = "<group>";
		};
		B2DFE5D229A69D2100C7F027 /* PinchApp */ = {
			isa = PBXGroup;
			children = (
				B2DFE5E729A69F5500C7F027 /* Views */,
				B2DFE5E629A69F4800C7F027 /* Data */,
				B2DFE5E429A69F3700C7F027 /* Model */,
				B2DFE5D329A69D2100C7F027 /* PinchAppApp.swift */,
				B2DFE5E229A69F2900C7F027 /* Screens */,
				B2DFE5D729A69D2300C7F027 /* Assets.xcassets */,
				B2DFE5D929A69D2300C7F027 /* Preview Content */,
			);
			path = PinchApp;
			sourceTree = "<group>";
		};
		B2DFE5D929A69D2300C7F027 /* Preview Content */ = {
			isa = PBXGroup;
			children = (
				B2DFE5DA29A69D2300C7F027 /* Preview Assets.xcassets */,
			);
			path = "Preview Content";
			sourceTree = "<group>";
		};
		B2DFE5E229A69F2900C7F027 /* Screens */ = {
			isa = PBXGroup;
			children = (
				B2DFE5D529A69D2100C7F027 /* ContentView.swift */,
			);
			path = Screens;
			sourceTree = "<group>";
		};
		B2DFE5E429A69F3700C7F027 /* Model */ = {
			isa = PBXGroup;
			children = (
				B276826F2A3E609B00DD1806 /* PageModel.swift */,
			);
			path = Model;
			sourceTree = "<group>";
		};
		B2DFE5E629A69F4800C7F027 /* Data */ = {
			isa = PBXGroup;
			children = (
				B27682712A3E610700DD1806 /* PageData.swift */,
			);
			path = Data;
			sourceTree = "<group>";
		};
		B2DFE5E729A69F5500C7F027 /* Views */ = {
			isa = PBXGroup;
			children = (
				B276826B2A3E4F1500DD1806 /* InfoPanelView.swift */,
				B276826D2A3E56F600DD1806 /* ControlImageView.swift */,
			);
			path = Views;
			sourceTree = "<group>";
		};
/* End PBXGroup section */

/* Begin PBXNativeTarget section */
		B2DFE5CF29A69D2100C7F027 /* PinchApp */ = {
			isa = PBXNativeTarget;
			buildConfigurationList = B2DFE5DE29A69D2300C7F027 /* Build configuration list for PBXNativeTarget "PinchApp" */;
			buildPhases = (
				B2DFE5CC29A69D2100C7F027 /* Sources */,
				B2DFE5CD29A69D2100C7F027 /* Frameworks */,
				B2DFE5CE29A69D2100C7F027 /* Resources */,
			);
			buildRules = (
			);
			dependencies = (
			);
			name = PinchApp;
			productName = PinchApp;
			productReference = B2DFE5D029A69D2100C7F027 /* PinchApp.app */;
			productType = "com.apple.product-type.application";
		};
/* End PBXNativeTarget section */

/* Begin PBXProject section */
		B2DFE5C829A69D2100C7F027 /* Project object */ = {
			isa = PBXProject;
			attributes = {
				BuildIndependentTargetsInParallel = 1;
				LastSwiftUpdateCheck = 1420;
				LastUpgradeCheck = 1420;
				TargetAttributes = {
					B2DFE5CF29A69D2100C7F027 = {
						CreatedOnToolsVersion = 14.2;
					};
				};
			};
			buildConfigurationList = B2DFE5CB29A69D2100C7F027 /* Build configuration list for PBXProject "PinchApp" */;
			compatibilityVersion = "Xcode 14.0";
			developmentRegion = en;
			hasScannedForEncodings = 0;
			knownRegions = (
				en,
				Base,
			);
			mainGroup = B2DFE5C729A69D2100C7F027;
			productRefGroup = B2DFE5D129A69D2100C7F027 /* Products */;
			projectDirPath = "";
			projectRoot = "";
			targets = (
				B2DFE5CF29A69D2100C7F027 /* PinchApp */,
			);
		};
/* End PBXProject section */

/* Begin PBXResourcesBuildPhase section */
		B2DFE5CE29A69D2100C7F027 /* Resources */ = {
			isa = PBXResourcesBuildPhase;
			buildActionMask = 2147483647;
			files = (
				B2DFE5DB29A69D2300C7F027 /* Preview Assets.xcassets in Resources */,
				B2DFE5D829A69D2300C7F027 /* Assets.xcassets in Resources */,
			);
			runOnlyForDeploymentPostprocessing = 0;
		};
/* End PBXResourcesBuildPhase section */

/* Begin PBXSourcesBuildPhase section */
		B2DFE5CC29A69D2100C7F027 /* Sources */ = {
			isa = PBXSourcesBuildPhase;
			buildActionMask = 2147483647;
			files = (
				B276826E2A3E56F600DD1806 /* ControlImageView.swift in Sources */,
				B27682702A3E609B00DD1806 /* PageModel.swift in Sources */,
				B2DFE5D629A69D2100C7F027 /* ContentView.swift in Sources */,
				B2DFE5D429A69D2100C7F027 /* PinchAppApp.swift in Sources */,
				B27682722A3E610700DD1806 /* PageData.swift in Sources */,
				B276826C2A3E4F1500DD1806 /* InfoPanelView.swift in Sources */,
			);
			runOnlyForDeploymentPostprocessing = 0;
		};
/* End PBXSourcesBuildPhase section */

/* Begin XCBuildConfiguration section */
		B2DFE5DC29A69D2300C7F027 /* Debug */ = {
			isa = XCBuildConfiguration;
			buildSettings = {
				ALWAYS_SEARCH_USER_PATHS = NO;
				CLANG_ANALYZER_NONNULL = YES;
				CLANG_ANALYZER_NUMBER_OBJECT_CONVERSION = YES_AGGRESSIVE;
				CLANG_CXX_LANGUAGE_STANDARD = "gnu++20";
				CLANG_ENABLE_MODULES = YES;
				CLANG_ENABLE_OBJC_ARC = YES;
				CLANG_ENABLE_OBJC_WEAK = YES;
				CLANG_WARN_BLOCK_CAPTURE_AUTORELEASING = YES;
				CLANG_WARN_BOOL_CONVERSION = YES;
				CLANG_WARN_COMMA = YES;
				CLANG_WARN_CONSTANT_CONVERSION = YES;
				CLANG_WARN_DEPRECATED_OBJC_IMPLEMENTATIONS = YES;
				CLANG_WARN_DIRECT_OBJC_ISA_USAGE = YES_ERROR;
				CLANG_WARN_DOCUMENTATION_COMMENTS = YES;
				CLANG_WARN_EMPTY_BODY = YES;
				CLANG_WARN_ENUM_CONVERSION = YES;
				CLANG_WARN_INFINITE_RECURSION = YES;
				CLANG_WARN_INT_CONVERSION = YES;
				CLANG_WARN_NON_LITERAL_NULL_CONVERSION = YES;
				CLANG_WARN_OBJC_IMPLICIT_RETAIN_SELF = YES;
				CLANG_WARN_OBJC_LITERAL_CONVERSION = YES;
				CLANG_WARN_OBJC_ROOT_CLASS = YES_ERROR;
				CLANG_WARN_QUOTED_INCLUDE_IN_FRAMEWORK_HEADER = YES;
				CLANG_WARN_RANGE_LOOP_ANALYSIS = YES;
				CLANG_WARN_STRICT_PROTOTYPES = YES;
				CLANG_WARN_SUSPICIOUS_MOVE = YES;
				CLANG_WARN_UNGUARDED_AVAILABILITY = YES_AGGRESSIVE;
				CLANG_WARN_UNREACHABLE_CODE = YES;
				CLANG_WARN__DUPLICATE_METHOD_MATCH = YES;
				COPY_PHASE_STRIP = NO;
				DEBUG_INFORMATION_FORMAT = dwarf;
				ENABLE_STRICT_OBJC_MSGSEND = YES;
				ENABLE_TESTABILITY = YES;
				GCC_C_LANGUAGE_STANDARD = gnu11;
				GCC_DYNAMIC_NO_PIC = NO;
				GCC_NO_COMMON_BLOCKS = YES;
				GCC_OPTIMIZATION_LEVEL = 0;
				GCC_PREPROCESSOR_DEFINITIONS = (
					"DEBUG=1",
					"$(inherited)",
				);
				GCC_WARN_64_TO_32_BIT_CONVERSION = YES;
				GCC_WARN_ABOUT_RETURN_TYPE = YES_ERROR;
				GCC_WARN_UNDECLARED_SELECTOR = YES;
				GCC_WARN_UNINITIALIZED_AUTOS = YES_AGGRESSIVE;
				GCC_WARN_UNUSED_FUNCTION = YES;
				GCC_WARN_UNUSED_VARIABLE = YES;
				IPHONEOS_DEPLOYMENT_TARGET = 16.2;
				MTL_ENABLE_DEBUG_INFO = INCLUDE_SOURCE;
				MTL_FAST_MATH = YES;
				ONLY_ACTIVE_ARCH = YES;
				SDKROOT = iphoneos;
				SWIFT_ACTIVE_COMPILATION_CONDITIONS = DEBUG;
				SWIFT_OPTIMIZATION_LEVEL = "-Onone";
			};
			name = Debug;
		};
		B2DFE5DD29A69D2300C7F027 /* Release */ = {
			isa = XCBuildConfiguration;
			buildSettings = {
				ALWAYS_SEARCH_USER_PATHS = NO;
				CLANG_ANALYZER_NONNULL = YES;
				CLANG_ANALYZER_NUMBER_OBJECT_CONVERSION = YES_AGGRESSIVE;
				CLANG_CXX_LANGUAGE_STANDARD = "gnu++20";
				CLANG_ENABLE_MODULES = YES;
				CLANG_ENABLE_OBJC_ARC = YES;
				CLANG_ENABLE_OBJC_WEAK = YES;
				CLANG_WARN_BLOCK_CAPTURE_AUTORELEASING = YES;
				CLANG_WARN_BOOL_CONVERSION = YES;
				CLANG_WARN_COMMA = YES;
				CLANG_WARN_CONSTANT_CONVERSION = YES;
				CLANG_WARN_DEPRECATED_OBJC_IMPLEMENTATIONS = YES;
				CLANG_WARN_DIRECT_OBJC_ISA_USAGE = YES_ERROR;
				CLANG_WARN_DOCUMENTATION_COMMENTS = YES;
				CLANG_WARN_EMPTY_BODY = YES;
				CLANG_WARN_ENUM_CONVERSION = YES;
				CLANG_WARN_INFINITE_RECURSION = YES;
				CLANG_WARN_INT_CONVERSION = YES;
				CLANG_WARN_NON_LITERAL_NULL_CONVERSION = YES;
				CLANG_WARN_OBJC_IMPLICIT_RETAIN_SELF = YES;
				CLANG_WARN_OBJC_LITERAL_CONVERSION = YES;
				CLANG_WARN_OBJC_ROOT_CLASS = YES_ERROR;
				CLANG_WARN_QUOTED_INCLUDE_IN_FRAMEWORK_HEADER = YES;
				CLANG_WARN_RANGE_LOOP_ANALYSIS = YES;
				CLANG_WARN_STRICT_PROTOTYPES = YES;
				CLANG_WARN_SUSPICIOUS_MOVE = YES;
				CLANG_WARN_UNGUARDED_AVAILABILITY = YES_AGGRESSIVE;
				CLANG_WARN_UNREACHABLE_CODE = YES;
				CLANG_WARN__DUPLICATE_METHOD_MATCH = YES;
				COPY_PHASE_STRIP = NO;
				DEBUG_INFORMATION_FORMAT = "dwarf-with-dsym";
				ENABLE_NS_ASSERTIONS = NO;
				ENABLE_STRICT_OBJC_MSGSEND = YES;
				GCC_C_LANGUAGE_STANDARD = gnu11;
				GCC_NO_COMMON_BLOCKS = YES;
				GCC_WARN_64_TO_32_BIT_CONVERSION = YES;
				GCC_WARN_ABOUT_RETURN_TYPE = YES_ERROR;
				GCC_WARN_UNDECLARED_SELECTOR = YES;
				GCC_WARN_UNINITIALIZED_AUTOS = YES_AGGRESSIVE;
				GCC_WARN_UNUSED_FUNCTION = YES;
				GCC_WARN_UNUSED_VARIABLE = YES;
				IPHONEOS_DEPLOYMENT_TARGET = 16.2;
				MTL_ENABLE_DEBUG_INFO = NO;
				MTL_FAST_MATH = YES;
				SDKROOT = iphoneos;
				SWIFT_COMPILATION_MODE = wholemodule;
				SWIFT_OPTIMIZATION_LEVEL = "-O";
				VALIDATE_PRODUCT = YES;
			};
			name = Release;
		};
		B2DFE5DF29A69D2300C7F027 /* Debug */ = {
			isa = XCBuildConfiguration;
			buildSettings = {
				ASSETCATALOG_COMPILER_APPICON_NAME = AppIcon;
				ASSETCATALOG_COMPILER_GLOBAL_ACCENT_COLOR_NAME = AccentColor;
				CODE_SIGN_STYLE = Automatic;
				CURRENT_PROJECT_VERSION = 1;
				DEVELOPMENT_ASSET_PATHS = "\"PinchApp/Preview Content\"";
				ENABLE_PREVIEWS = YES;
				GENERATE_INFOPLIST_FILE = YES;
				INFOPLIST_KEY_UIApplicationSceneManifest_Generation = YES;
				INFOPLIST_KEY_UIApplicationSupportsIndirectInputEvents = YES;
				INFOPLIST_KEY_UILaunchScreen_Generation = YES;
				INFOPLIST_KEY_UISupportedInterfaceOrientations = UIInterfaceOrientationPortrait;
				LD_RUNPATH_SEARCH_PATHS = (
					"$(inherited)",
					"@executable_path/Frameworks",
				);
				MARKETING_VERSION = 1.0;
				PRODUCT_BUNDLE_IDENTIFIER = com.parththakkar.PinchApp;
				PRODUCT_NAME = "$(TARGET_NAME)";
				SUPPORTED_PLATFORMS = "iphoneos iphonesimulator";
				SUPPORTS_MACCATALYST = NO;
				SUPPORTS_MAC_DESIGNED_FOR_IPHONE_IPAD = NO;
				SWIFT_EMIT_LOC_STRINGS = YES;
				SWIFT_VERSION = 5.0;
				TARGETED_DEVICE_FAMILY = 1;
			};
			name = Debug;
		};
		B2DFE5E029A69D2300C7F027 /* Release */ = {
			isa = XCBuildConfiguration;
			buildSettings = {
				ASSETCATALOG_COMPILER_APPICON_NAME = AppIcon;
				ASSETCATALOG_COMPILER_GLOBAL_ACCENT_COLOR_NAME = AccentColor;
				CODE_SIGN_STYLE = Automatic;
				CURRENT_PROJECT_VERSION = 1;
				DEVELOPMENT_ASSET_PATHS = "\"PinchApp/Preview Content\"";
				ENABLE_PREVIEWS = YES;
				GENERATE_INFOPLIST_FILE = YES;
				INFOPLIST_KEY_UIApplicationSceneManifest_Generation = YES;
				INFOPLIST_KEY_UIApplicationSupportsIndirectInputEvents = YES;
				INFOPLIST_KEY_UILaunchScreen_Generation = YES;
				INFOPLIST_KEY_UISupportedInterfaceOrientations = UIInterfaceOrientationPortrait;
				LD_RUNPATH_SEARCH_PATHS = (
					"$(inherited)",
					"@executable_path/Frameworks",
				);
				MARKETING_VERSION = 1.0;
				PRODUCT_BUNDLE_IDENTIFIER = com.parththakkar.PinchApp;
				PRODUCT_NAME = "$(TARGET_NAME)";
				SUPPORTED_PLATFORMS = "iphoneos iphonesimulator";
				SUPPORTS_MACCATALYST = NO;
				SUPPORTS_MAC_DESIGNED_FOR_IPHONE_IPAD = NO;
				SWIFT_EMIT_LOC_STRINGS = YES;
				SWIFT_VERSION = 5.0;
				TARGETED_DEVICE_FAMILY = 1;
			};
			name = Release;
		};
/* End XCBuildConfiguration section */

/* Begin XCConfigurationList section */
		B2DFE5CB29A69D2100C7F027 /* Build configuration list for PBXProject "PinchApp" */ = {
			isa = XCConfigurationList;
			buildConfigurations = (
				B2DFE5DC29A69D2300C7F027 /* Debug */,
				B2DFE5DD29A69D2300C7F027 /* Release */,
			);
			defaultConfigurationIsVisible = 0;
			defaultConfigurationName = Release;
		};
		B2DFE5DE29A69D2300C7F027 /* Build configuration list for PBXNativeTarget "PinchApp" */ = {
			isa = XCConfigurationList;
			buildConfigurations = (
				B2DFE5DF29A69D2300C7F027 /* Debug */,
				B2DFE5E029A69D2300C7F027 /* Release */,
			);
			defaultConfigurationIsVisible = 0;
			defaultConfigurationName = Release;
		};
/* End XCConfigurationList section */
	};
	rootObject = B2DFE5C829A69D2100C7F027 /* Project object */;
}
